
Microsoft Visual Studio Solution File, Format Version 12.00
# Visual Studio Version 16
VisualStudioVersion = 16.0.29326.143
MinimumVisualStudioVersion = 10.0.40219.1
Project("{8BC9CEB8-8B4A-11D0-8D11-00A0C91BC942}") = "Pareto", "Pareto\Pareto.vcxproj", "{7999EAC1-C7D1-4AE1-BD11-56E81F5CE38C}"
EndProject
Project("{8BC9CEB8-8B4A-11D0-8D11-00A0C91BC942}") = "Tests", "Tests\Tests.vcxproj", "{CB295062-3354-4A0E-A0C7-3976721B24D3}"
EndProject
Project("{8BC9CEB8-8B4A-11D0-8D11-00A0C91BC942}") = "minctest", "minctest\minctest.vcxproj", "{7329C7D0-9413-4280-98C4-18D2CEA49847}"
EndProject
Project("{8BC9CEB8-8B4A-11D0-8D11-00A0C91BC942}") = "string_t", "String-CLanguage\string_t.vcxproj", "{09ADE6D3-0C1C-41D6-BF41-0206940A643E}"
EndProject
Project("{2150E333-8FDC-42A3-9474-1A3956D46DE8}") = "UserInterface-CLanguage", "UserInterface-CLanguage", "{CE7B907D-50B7-4269-A9CB-EC114FA96198}"
	ProjectSection(SolutionItems) = preProject
		UserInterface-CLanguage\UserInterface.h = UserInterface-CLanguage\UserInterface.h
	EndProjectSection
EndProject
Project("{9A19103F-16F7-4668-BE54-9A1E7A4F7556}") = "Electra", "Electra\Electra.csproj", "{A834224D-BFD7-4E62-9627-BBB2D8670B8B}"
EndProject
Project("{9A19103F-16F7-4668-BE54-9A1E7A4F7556}") = "UnitTests", "UnitTests\UnitTests.csproj", "{DF514836-3A7A-4E2C-A57C-B7682A60DAC3}"
EndProject
Project("{9A19103F-16F7-4668-BE54-9A1E7A4F7556}") = "Analitic Hierarchy Process", "Analitic Hierarchy Process\Analitic Hierarchy Process.csproj", "{BD9D11CB-E753-4C64-A0FF-0959806AA4EE}"
EndProject
Project("{FAE04EC0-301F-11D3-BF4B-00C04F79EFBC}") = "Simplex", "Simplex\Simplex.csproj", "{B3431B28-9BDD-4FA6-AF5D-A82922043399}"
EndProject
Global
	GlobalSection(SolutionConfigurationPlatforms) = preSolution
		Debug|Any CPU = Debug|Any CPU
		Debug|x64 = Debug|x64
		Debug|x86 = Debug|x86
		Release|Any CPU = Release|Any CPU
		Release|x64 = Release|x64
		Release|x86 = Release|x86
	EndGlobalSection
	GlobalSection(ProjectConfigurationPlatforms) = postSolution
		{7999EAC1-C7D1-4AE1-BD11-56E81F5CE38C}.Debug|Any CPU.ActiveCfg = Debug|Win32
		{7999EAC1-C7D1-4AE1-BD11-56E81F5CE38C}.Debug|x64.ActiveCfg = Debug|x64
		{7999EAC1-C7D1-4AE1-BD11-56E81F5CE38C}.Debug|x64.Build.0 = Debug|x64
		{7999EAC1-C7D1-4AE1-BD11-56E81F5CE38C}.Debug|x86.ActiveCfg = Debug|Win32
		{7999EAC1-C7D1-4AE1-BD11-56E81F5CE38C}.Debug|x86.Build.0 = Debug|Win32
		{7999EAC1-C7D1-4AE1-BD11-56E81F5CE38C}.Release|Any CPU.ActiveCfg = Release|Win32
		{7999EAC1-C7D1-4AE1-BD11-56E81F5CE38C}.Release|x64.ActiveCfg = Release|x64
		{7999EAC1-C7D1-4AE1-BD11-56E81F5CE38C}.Release|x64.Build.0 = Release|x64
		{7999EAC1-C7D1-4AE1-BD11-56E81F5CE38C}.Release|x86.ActiveCfg = Release|Win32
		{7999EAC1-C7D1-4AE1-BD11-56E81F5CE38C}.Release|x86.Build.0 = Release|Win32
		{CB295062-3354-4A0E-A0C7-3976721B24D3}.Debug|Any CPU.ActiveCfg = Debug|Win32
		{CB295062-3354-4A0E-A0C7-3976721B24D3}.Debug|x64.ActiveCfg = Debug|x64
		{CB295062-3354-4A0E-A0C7-3976721B24D3}.Debug|x64.Build.0 = Debug|x64
		{CB295062-3354-4A0E-A0C7-3976721B24D3}.Debug|x86.ActiveCfg = Debug|Win32
		{CB295062-3354-4A0E-A0C7-3976721B24D3}.Debug|x86.Build.0 = Debug|Win32
		{CB295062-3354-4A0E-A0C7-3976721B24D3}.Release|Any CPU.ActiveCfg = Release|Win32
		{CB295062-3354-4A0E-A0C7-3976721B24D3}.Release|x64.ActiveCfg = Release|x64
		{CB295062-3354-4A0E-A0C7-3976721B24D3}.Release|x64.Build.0 = Release|x64
		{CB295062-3354-4A0E-A0C7-3976721B24D3}.Release|x86.ActiveCfg = Release|Win32
		{CB295062-3354-4A0E-A0C7-3976721B24D3}.Release|x86.Build.0 = Release|Win32
		{7329C7D0-9413-4280-98C4-18D2CEA49847}.Debug|Any CPU.ActiveCfg = Debug|Win32
		{7329C7D0-9413-4280-98C4-18D2CEA49847}.Debug|x64.ActiveCfg = Debug|x64
		{7329C7D0-9413-4280-98C4-18D2CEA49847}.Debug|x64.Build.0 = Debug|x64
		{7329C7D0-9413-4280-98C4-18D2CEA49847}.Debug|x86.ActiveCfg = Debug|Win32
		{7329C7D0-9413-4280-98C4-18D2CEA49847}.Debug|x86.Build.0 = Debug|Win32
		{7329C7D0-9413-4280-98C4-18D2CEA49847}.Release|Any CPU.ActiveCfg = Release|Win32
		{7329C7D0-9413-4280-98C4-18D2CEA49847}.Release|x64.ActiveCfg = Release|x64
		{7329C7D0-9413-4280-98C4-18D2CEA49847}.Release|x64.Build.0 = Release|x64
		{7329C7D0-9413-4280-98C4-18D2CEA49847}.Release|x86.ActiveCfg = Release|Win32
		{7329C7D0-9413-4280-98C4-18D2CEA49847}.Release|x86.Build.0 = Release|Win32
		{09ADE6D3-0C1C-41D6-BF41-0206940A643E}.Debug|Any CPU.ActiveCfg = Debug|Win32
		{09ADE6D3-0C1C-41D6-BF41-0206940A643E}.Debug|x64.ActiveCfg = Debug|x64
		{09ADE6D3-0C1C-41D6-BF41-0206940A643E}.Debug|x64.Build.0 = Debug|x64
		{09ADE6D3-0C1C-41D6-BF41-0206940A643E}.Debug|x86.ActiveCfg = Debug|Win32
		{09ADE6D3-0C1C-41D6-BF41-0206940A643E}.Debug|x86.Build.0 = Debug|Win32
		{09ADE6D3-0C1C-41D6-BF41-0206940A643E}.Release|Any CPU.ActiveCfg = Release|Win32
		{09ADE6D3-0C1C-41D6-BF41-0206940A643E}.Release|x64.ActiveCfg = Release|x64
		{09ADE6D3-0C1C-41D6-BF41-0206940A643E}.Release|x64.Build.0 = Release|x64
		{09ADE6D3-0C1C-41D6-BF41-0206940A643E}.Release|x86.ActiveCfg = Release|Win32
		{09ADE6D3-0C1C-41D6-BF41-0206940A643E}.Release|x86.Build.0 = Release|Win32
		{A834224D-BFD7-4E62-9627-BBB2D8670B8B}.Debug|Any CPU.ActiveCfg = Debug|Any CPU
		{A834224D-BFD7-4E62-9627-BBB2D8670B8B}.Debug|Any CPU.Build.0 = Debug|Any CPU
		{A834224D-BFD7-4E62-9627-BBB2D8670B8B}.Debug|x64.ActiveCfg = Debug|Any CPU
		{A834224D-BFD7-4E62-9627-BBB2D8670B8B}.Debug|x64.Build.0 = Debug|Any CPU
		{A834224D-BFD7-4E62-9627-BBB2D8670B8B}.Debug|x86.ActiveCfg = Debug|Any CPU
		{A834224D-BFD7-4E62-9627-BBB2D8670B8B}.Debug|x86.Build.0 = Debug|Any CPU
		{A834224D-BFD7-4E62-9627-BBB2D8670B8B}.Release|Any CPU.ActiveCfg = Release|Any CPU
		{A834224D-BFD7-4E62-9627-BBB2D8670B8B}.Release|Any CPU.Build.0 = Release|Any CPU
		{A834224D-BFD7-4E62-9627-BBB2D8670B8B}.Release|x64.ActiveCfg = Release|Any CPU
		{A834224D-BFD7-4E62-9627-BBB2D8670B8B}.Release|x64.Build.0 = Release|Any CPU
		{A834224D-BFD7-4E62-9627-BBB2D8670B8B}.Release|x86.ActiveCfg = Release|Any CPU
		{A834224D-BFD7-4E62-9627-BBB2D8670B8B}.Release|x86.Build.0 = Release|Any CPU
		{DF514836-3A7A-4E2C-A57C-B7682A60DAC3}.Debug|Any CPU.ActiveCfg = Debug|Any CPU
		{DF514836-3A7A-4E2C-A57C-B7682A60DAC3}.Debug|Any CPU.Build.0 = Debug|Any CPU
		{DF514836-3A7A-4E2C-A57C-B7682A60DAC3}.Debug|x64.ActiveCfg = Debug|Any CPU
		{DF514836-3A7A-4E2C-A57C-B7682A60DAC3}.Debug|x64.Build.0 = Debug|Any CPU
		{DF514836-3A7A-4E2C-A57C-B7682A60DAC3}.Debug|x86.ActiveCfg = Debug|Any CPU
		{DF514836-3A7A-4E2C-A57C-B7682A60DAC3}.Debug|x86.Build.0 = Debug|Any CPU
		{DF514836-3A7A-4E2C-A57C-B7682A60DAC3}.Release|Any CPU.ActiveCfg = Release|Any CPU
		{DF514836-3A7A-4E2C-A57C-B7682A60DAC3}.Release|Any CPU.Build.0 = Release|Any CPU
		{DF514836-3A7A-4E2C-A57C-B7682A60DAC3}.Release|x64.ActiveCfg = Release|Any CPU
		{DF514836-3A7A-4E2C-A57C-B7682A60DAC3}.Release|x64.Build.0 = Release|Any CPU
		{DF514836-3A7A-4E2C-A57C-B7682A60DAC3}.Release|x86.ActiveCfg = Release|Any CPU
		{DF514836-3A7A-4E2C-A57C-B7682A60DAC3}.Release|x86.Build.0 = Release|Any CPU
		{BD9D11CB-E753-4C64-A0FF-0959806AA4EE}.Debug|Any CPU.ActiveCfg = Debug|Any CPU
		{BD9D11CB-E753-4C64-A0FF-0959806AA4EE}.Debug|Any CPU.Build.0 = Debug|Any CPU
		{BD9D11CB-E753-4C64-A0FF-0959806AA4EE}.Debug|x64.ActiveCfg = Debug|Any CPU
		{BD9D11CB-E753-4C64-A0FF-0959806AA4EE}.Debug|x64.Build.0 = Debug|Any CPU
		{BD9D11CB-E753-4C64-A0FF-0959806AA4EE}.Debug|x86.ActiveCfg = Debug|Any CPU
		{BD9D11CB-E753-4C64-A0FF-0959806AA4EE}.Debug|x86.Build.0 = Debug|Any CPU
		{BD9D11CB-E753-4C64-A0FF-0959806AA4EE}.Release|Any CPU.ActiveCfg = Release|Any CPU
		{BD9D11CB-E753-4C64-A0FF-0959806AA4EE}.Release|Any CPU.Build.0 = Release|Any CPU
		{BD9D11CB-E753-4C64-A0FF-0959806AA4EE}.Release|x64.ActiveCfg = Release|Any CPU
		{BD9D11CB-E753-4C64-A0FF-0959806AA4EE}.Release|x64.Build.0 = Release|Any CPU
		{BD9D11CB-E753-4C64-A0FF-0959806AA4EE}.Release|x86.ActiveCfg = Release|Any CPU
		{BD9D11CB-E753-4C64-A0FF-0959806AA4EE}.Release|x86.Build.0 = Release|Any CPU
		{B3431B28-9BDD-4FA6-AF5D-A82922043399}.Debug|Any CPU.ActiveCfg = Debug|Any CPU
		{B3431B28-9BDD-4FA6-AF5D-A82922043399}.Debug|Any CPU.Build.0 = Debug|Any CPU
		{B3431B28-9BDD-4FA6-AF5D-A82922043399}.Debug|x64.ActiveCfg = Debug|Any CPU
		{B3431B28-9BDD-4FA6-AF5D-A82922043399}.Debug|x64.Build.0 = Debug|Any CPU
		{B3431B28-9BDD-4FA6-AF5D-A82922043399}.Debug|x86.ActiveCfg = Debug|Any CPU
		{B3431B28-9BDD-4FA6-AF5D-A82922043399}.Debug|x86.Build.0 = Debug|Any CPU
		{B3431B28-9BDD-4FA6-AF5D-A82922043399}.Release|Any CPU.ActiveCfg = Release|Any CPU
		{B3431B28-9BDD-4FA6-AF5D-A82922043399}.Release|Any CPU.Build.0 = Release|Any CPU
		{B3431B28-9BDD-4FA6-AF5D-A82922043399}.Release|x64.ActiveCfg = Release|Any CPU
		{B3431B28-9BDD-4FA6-AF5D-A82922043399}.Release|x64.Build.0 = Release|Any CPU
		{B3431B28-9BDD-4FA6-AF5D-A82922043399}.Release|x86.ActiveCfg = Release|Any CPU
		{B3431B28-9BDD-4FA6-AF5D-A82922043399}.Release|x86.Build.0 = Release|Any CPU
	EndGlobalSection
	GlobalSection(SolutionProperties) = preSolution
		HideSolutionNode = FALSE
	EndGlobalSection
	GlobalSection(ExtensibilityGlobals) = postSolution
		SolutionGuid = {44EB783D-2E2C-4F07-82BF-CD5B0CD951EE}
	EndGlobalSection
EndGlobal
